
Microsoft Visual Studio Solution File, Format Version 12.00
# Visual Studio Version 16
VisualStudioVersion = 16.0.29519.87
MinimumVisualStudioVersion = 10.0.40219.1
Project("{FAE04EC0-301F-11D3-BF4B-00C04F79EFBC}") = "MouseSpeed", "MouseSpeed\MouseSpeed.csproj", "{69992049-B140-4ED2-A0CB-9A54A3EB5F14}"
EndProject
Global
	GlobalSection(SolutionConfigurationPlatforms) = preSolution
		Debug|Any CPU = Debug|Any CPU
		Release|Any CPU = Release|Any CPU
	EndGlobalSection
	GlobalSection(ProjectConfigurationPlatforms) = postSolution
		{69992049-B140-4ED2-A0CB-9A54A3EB5F14}.Debug|Any CPU.ActiveCfg = Debug|Any CPU
		{69992049-B140-4ED2-A0CB-9A54A3EB5F14}.Debug|Any CPU.Build.0 = Debug|Any CPU
		{69992049-B140-4ED2-A0CB-9A54A3EB5F14}.Release|Any CPU.ActiveCfg = Release|Any CPU
		{69992049-B140-4ED2-A0CB-9A54A3EB5F14}.Release|Any CPU.Build.0 = Release|Any CPU
	EndGlobalSection
	GlobalSection(SolutionProperties) = preSolution
		HideSolutionNode = FALSE
	EndGlobalSection
	GlobalSection(ExtensibilityGlobals) = postSolution
		SolutionGuid = {16A8EA94-B8E3-4638-9D82-634285470C8D}
	EndGlobalSection
EndGlobal
